
Microsoft Visual Studio Solution File, Format Version 12.00
# Visual Studio Version 17
VisualStudioVersion = 17.13.35919.96 d17.13
MinimumVisualStudioVersion = 10.0.40219.1
Project("{FAE04EC0-301F-11D3-BF4B-00C04F79EFBC}") = "CalendarForChessFans", "CalendarForChessFans\CalendarForChessFans.csproj", "{55C1C5E2-DFBA-4851-981F-59FAB5CA68EB}"
EndProject
Global
	GlobalSection(SolutionConfigurationPlatforms) = preSolution
		Debug|Any CPU = Debug|Any CPU
		Release|Any CPU = Release|Any CPU
	EndGlobalSection
	GlobalSection(ProjectConfigurationPlatforms) = postSolution
		{55C1C5E2-DFBA-4851-981F-59FAB5CA68EB}.Debug|Any CPU.ActiveCfg = Debug|Any CPU
		{55C1C5E2-DFBA-4851-981F-59FAB5CA68EB}.Debug|Any CPU.Build.0 = Debug|Any CPU
		{55C1C5E2-DFBA-4851-981F-59FAB5CA68EB}.Release|Any CPU.ActiveCfg = Release|Any CPU
		{55C1C5E2-DFBA-4851-981F-59FAB5CA68EB}.Release|Any CPU.Build.0 = Release|Any CPU
	EndGlobalSection
	GlobalSection(SolutionProperties) = preSolution
		HideSolutionNode = FALSE
	EndGlobalSection
	GlobalSection(ExtensibilityGlobals) = postSolution
		SolutionGuid = {0F70766B-8F5D-4687-AA57-1BE6D3B25B91}
	EndGlobalSection
EndGlobal
